
Microsoft Visual Studio Solution File, Format Version 12.00
# Visual Studio Version 17
VisualStudioVersion = 17.5.33516.290
MinimumVisualStudioVersion = 10.0.40219.1
Project("{2150E333-8FDC-42A3-9474-1A3956D46DE8}") = "90 Presentation", "90 Presentation", "{014BE108-CEFD-4838-AC50-8956DA27A285}"
EndProject
Project("{2150E333-8FDC-42A3-9474-1A3956D46DE8}") = "20 Infrastructure", "20 Infrastructure", "{4BD42485-1113-49DB-8FF2-2D088F7141AB}"
EndProject
Project("{2150E333-8FDC-42A3-9474-1A3956D46DE8}") = "30 Shared", "30 Shared", "{5DF20C3B-A264-4656-A8D8-4AF642EF65DE}"
EndProject
Project("{2150E333-8FDC-42A3-9474-1A3956D46DE8}") = "40 ReadModel", "40 ReadModel", "{A8288E00-DEB7-4438-9E49-99E44FA1784D}"
EndProject
Project("{2150E333-8FDC-42A3-9474-1A3956D46DE8}") = "50 Modules", "50 Modules", "{0282FE52-D0DB-4537-8FAA-1BC3A6A6FA3F}"
EndProject
Project("{2150E333-8FDC-42A3-9474-1A3956D46DE8}") = "Sales", "Sales", "{A12CC977-85FA-43BC-A6F8-359960DEA9BD}"
EndProject
Project("{2150E333-8FDC-42A3-9474-1A3956D46DE8}") = "Production", "Production", "{AA3205D2-A26C-4A8E-9592-2610244A1FBF}"
EndProject
Project("{2150E333-8FDC-42A3-9474-1A3956D46DE8}") = "Warehouse", "Warehouse", "{E306E7C6-A66C-4010-9F09-E877BFBB7AC8}"
EndProject
Project("{9A19103F-16F7-4668-BE54-9A1E7A4F7556}") = "Brewup", "BrewUp\Brewup.csproj", "{8D763CC0-9BEA-4A99-A0A6-7E3DB00E7CFA}"
EndProject
Project("{9A19103F-16F7-4668-BE54-9A1E7A4F7556}") = "Brewup.Modules.Production", "Brewup.Modules.Production\Brewup.Modules.Production.csproj", "{ACEC4C81-01D4-42CE-B920-7FA70DCAF6F3}"
EndProject
Project("{9A19103F-16F7-4668-BE54-9A1E7A4F7556}") = "Brewup.Modules.Sales", "Brewup.Modules.Sales\Brewup.Modules.Sales.csproj", "{53992DDB-A3C1-4138-87C3-891DBA7E0F31}"
EndProject
Project("{9A19103F-16F7-4668-BE54-9A1E7A4F7556}") = "Brewup.Modules.Warehouse", "Brewup.Modules.Warehouse\Brewup.Modules.Warehouse.csproj", "{641C2B20-5A69-4F41-AD12-B88163419DFF}"
EndProject
Project("{9A19103F-16F7-4668-BE54-9A1E7A4F7556}") = "Brewup.Shared", "Brewup.Shared\Brewup.Shared.csproj", "{0ED92D62-E7EA-4DE0-930E-4AFB65B0FC41}"
EndProject
Project("{2150E333-8FDC-42A3-9474-1A3956D46DE8}") = "Tests", "Tests", "{EE658B54-61E4-4702-9BA2-6C015714E4C9}"
EndProject
Project("{9A19103F-16F7-4668-BE54-9A1E7A4F7556}") = "Brewup.Tests", "Brewup.Tests\Brewup.Tests.csproj", "{E352722A-73C7-4269-A349-8535ECB8E856}"
EndProject
Project("{9A19103F-16F7-4668-BE54-9A1E7A4F7556}") = "Brewup.Modules.Sales.Core", "Brewup.Modules.Sales.Core\Brewup.Modules.Sales.Core.csproj", "{96AB4FF9-9FDE-4AFC-9818-F1B921758737}"
EndProject
Project("{2150E333-8FDC-42A3-9474-1A3956D46DE8}") = "Tests", "Tests", "{3BB89329-DDCD-4728-8408-4E1B229A9293}"
EndProject
Project("{2150E333-8FDC-42A3-9474-1A3956D46DE8}") = "Tests", "Tests", "{DFDBB64F-C995-4212-84A6-BB2334B9489B}"
EndProject
Project("{9A19103F-16F7-4668-BE54-9A1E7A4F7556}") = "Brewup.Modules.Warehouse.Shared", "Brewup.Modules.Warehouse.Shared\Brewup.Modules.Warehouse.Shared.csproj", "{C89E3A3E-0CC3-4BAF-915A-4DE00D27F893}"
EndProject
Project("{2150E333-8FDC-42A3-9474-1A3956D46DE8}") = "Muflone", "Muflone", "{65669FC4-6042-4322-A114-DAD5E21B01BF}"
EndProject
Project("{9A19103F-16F7-4668-BE54-9A1E7A4F7556}") = "Brewup.Infrastructure.Muflone", "Brewup.Infrastructure.Muflone\Brewup.Infrastructure.Muflone.csproj", "{60923620-A8D2-4ABB-9002-B32B8794DA1A}"
EndProject
Project("{9A19103F-16F7-4668-BE54-9A1E7A4F7556}") = "Brewup.Infrastructure.ReadModel", "Brewup.Infrastructure.ReadModel\Brewup.Infrastructure.ReadModel.csproj", "{BD8000B4-94D9-4706-BBEA-B9C805103358}"
EndProject
Project("{2150E333-8FDC-42A3-9474-1A3956D46DE8}") = "MongoDb", "MongoDb", "{14462A67-46DD-41A0-9904-AF4BA6E3EDEB}"
EndProject
Project("{9A19103F-16F7-4668-BE54-9A1E7A4F7556}") = "Brewup.Infrastructure.ReadModel.MongoDb", "Brewup.Infrastructure.ReadModel.MongoDb\Brewup.Infrastructure.ReadModel.MongoDb.csproj", "{9960D256-BACE-4D6E-B515-327730A9E235}"
EndProject
Project("{9A19103F-16F7-4668-BE54-9A1E7A4F7556}") = "Brewup.Modules.Warehouse.Core", "Brewup.Modules.Warehouse.Core\Brewup.Modules.Warehouse.Core.csproj", "{FF3FD412-4872-44C4-9C2C-F3CF789C0257}"
EndProject
Project("{9A19103F-16F7-4668-BE54-9A1E7A4F7556}") = "Brewup.Modules.Warehouse.Core.Tests", "Brewup.Modules.Warehouse.Core.Tests\Brewup.Modules.Warehouse.Core.Tests.csproj", "{09135529-05EE-4D9A-B472-B1C4C482071D}"
EndProject
Project("{9A19103F-16F7-4668-BE54-9A1E7A4F7556}") = "Brewup.Modules.Sales.Shared", "Brewup.Modules.Sales.Shared\Brewup.Modules.Sales.Shared.csproj", "{8039B633-390E-4C46-8B82-A475C3989E52}"
EndProject
Project("{9A19103F-16F7-4668-BE54-9A1E7A4F7556}") = "Brewup.Modules.Warehouse.Infrastructure", "Brewup.Modules.Warehouse.Infrastructure\Brewup.Modules.Warehouse.Infrastructure.csproj", "{8E2D32F1-6C2F-4F82-AD45-6D0460ED0702}"
EndProject
Project("{9A19103F-16F7-4668-BE54-9A1E7A4F7556}") = "Brewup.Modules.Sales.Infrastructure", "Brewup.Modules.Sales.Infrastructure\Brewup.Modules.Sales.Infrastructure.csproj", "{8B2F9F86-AA29-4C63-B88D-FEFC3CA05CF5}"
EndProject
Project("{9A19103F-16F7-4668-BE54-9A1E7A4F7556}") = "Brewup.Modules.Sales.Core.Tests", "Brewup.Modules.Sales.Core.Tests\Brewup.Modules.Sales.Core.Tests.csproj", "{4CA4C18D-9C77-4108-BC03-0F68F06EF213}"
EndProject
Project("{2150E333-8FDC-42A3-9474-1A3956D46DE8}") = "Shared", "Shared", "{79246628-94F7-466E-AE92-F590A024EB1F}"
EndProject
Project("{9A19103F-16F7-4668-BE54-9A1E7A4F7556}") = "Brewup.Modules.Shared", "Brewup.Modules.Shared\Brewup.Modules.Shared.csproj", "{ABD3AB0A-BCFA-499A-8368-A7AB76791970}"
EndProject
Project("{FAE04EC0-301F-11D3-BF4B-00C04F79EFBC}") = "Brewup.Modules.Sales.Fitness.Tests", "Brewup.Modules.Sales.Fitness.Tests\Brewup.Modules.Sales.Fitness.Tests.csproj", "{0A3A3162-94CA-4BFE-951B-FF9D0219473E}"
EndProject
Project("{FAE04EC0-301F-11D3-BF4B-00C04F79EFBC}") = "Brewup.Modules.Warehouse.Fitness.Tests", "Brewup.Modules.Warehouse.Fitness.Tests\Brewup.Modules.Warehouse.Fitness.Tests.csproj", "{201EF66E-359B-4CEC-82E7-E90E1BB5CE5E}"
EndProject
Global
	GlobalSection(SolutionConfigurationPlatforms) = preSolution
		Debug|Any CPU = Debug|Any CPU
		Release|Any CPU = Release|Any CPU
	EndGlobalSection
	GlobalSection(ProjectConfigurationPlatforms) = postSolution
		{8D763CC0-9BEA-4A99-A0A6-7E3DB00E7CFA}.Debug|Any CPU.ActiveCfg = Debug|Any CPU
		{8D763CC0-9BEA-4A99-A0A6-7E3DB00E7CFA}.Debug|Any CPU.Build.0 = Debug|Any CPU
		{8D763CC0-9BEA-4A99-A0A6-7E3DB00E7CFA}.Release|Any CPU.ActiveCfg = Release|Any CPU
		{8D763CC0-9BEA-4A99-A0A6-7E3DB00E7CFA}.Release|Any CPU.Build.0 = Release|Any CPU
		{ACEC4C81-01D4-42CE-B920-7FA70DCAF6F3}.Debug|Any CPU.ActiveCfg = Debug|Any CPU
		{ACEC4C81-01D4-42CE-B920-7FA70DCAF6F3}.Debug|Any CPU.Build.0 = Debug|Any CPU
		{ACEC4C81-01D4-42CE-B920-7FA70DCAF6F3}.Release|Any CPU.ActiveCfg = Release|Any CPU
		{ACEC4C81-01D4-42CE-B920-7FA70DCAF6F3}.Release|Any CPU.Build.0 = Release|Any CPU
		{53992DDB-A3C1-4138-87C3-891DBA7E0F31}.Debug|Any CPU.ActiveCfg = Debug|Any CPU
		{53992DDB-A3C1-4138-87C3-891DBA7E0F31}.Debug|Any CPU.Build.0 = Debug|Any CPU
		{53992DDB-A3C1-4138-87C3-891DBA7E0F31}.Release|Any CPU.ActiveCfg = Release|Any CPU
		{53992DDB-A3C1-4138-87C3-891DBA7E0F31}.Release|Any CPU.Build.0 = Release|Any CPU
		{641C2B20-5A69-4F41-AD12-B88163419DFF}.Debug|Any CPU.ActiveCfg = Debug|Any CPU
		{641C2B20-5A69-4F41-AD12-B88163419DFF}.Debug|Any CPU.Build.0 = Debug|Any CPU
		{641C2B20-5A69-4F41-AD12-B88163419DFF}.Release|Any CPU.ActiveCfg = Release|Any CPU
		{641C2B20-5A69-4F41-AD12-B88163419DFF}.Release|Any CPU.Build.0 = Release|Any CPU
		{0ED92D62-E7EA-4DE0-930E-4AFB65B0FC41}.Debug|Any CPU.ActiveCfg = Debug|Any CPU
		{0ED92D62-E7EA-4DE0-930E-4AFB65B0FC41}.Debug|Any CPU.Build.0 = Debug|Any CPU
		{0ED92D62-E7EA-4DE0-930E-4AFB65B0FC41}.Release|Any CPU.ActiveCfg = Release|Any CPU
		{0ED92D62-E7EA-4DE0-930E-4AFB65B0FC41}.Release|Any CPU.Build.0 = Release|Any CPU
		{E352722A-73C7-4269-A349-8535ECB8E856}.Debug|Any CPU.ActiveCfg = Debug|Any CPU
		{E352722A-73C7-4269-A349-8535ECB8E856}.Debug|Any CPU.Build.0 = Debug|Any CPU
		{E352722A-73C7-4269-A349-8535ECB8E856}.Release|Any CPU.ActiveCfg = Release|Any CPU
		{E352722A-73C7-4269-A349-8535ECB8E856}.Release|Any CPU.Build.0 = Release|Any CPU
		{96AB4FF9-9FDE-4AFC-9818-F1B921758737}.Debug|Any CPU.ActiveCfg = Debug|Any CPU
		{96AB4FF9-9FDE-4AFC-9818-F1B921758737}.Debug|Any CPU.Build.0 = Debug|Any CPU
		{96AB4FF9-9FDE-4AFC-9818-F1B921758737}.Release|Any CPU.ActiveCfg = Release|Any CPU
		{96AB4FF9-9FDE-4AFC-9818-F1B921758737}.Release|Any CPU.Build.0 = Release|Any CPU
		{C89E3A3E-0CC3-4BAF-915A-4DE00D27F893}.Debug|Any CPU.ActiveCfg = Debug|Any CPU
		{C89E3A3E-0CC3-4BAF-915A-4DE00D27F893}.Debug|Any CPU.Build.0 = Debug|Any CPU
		{C89E3A3E-0CC3-4BAF-915A-4DE00D27F893}.Release|Any CPU.ActiveCfg = Release|Any CPU
		{C89E3A3E-0CC3-4BAF-915A-4DE00D27F893}.Release|Any CPU.Build.0 = Release|Any CPU
		{60923620-A8D2-4ABB-9002-B32B8794DA1A}.Debug|Any CPU.ActiveCfg = Debug|Any CPU
		{60923620-A8D2-4ABB-9002-B32B8794DA1A}.Debug|Any CPU.Build.0 = Debug|Any CPU
		{60923620-A8D2-4ABB-9002-B32B8794DA1A}.Release|Any CPU.ActiveCfg = Release|Any CPU
		{60923620-A8D2-4ABB-9002-B32B8794DA1A}.Release|Any CPU.Build.0 = Release|Any CPU
		{BD8000B4-94D9-4706-BBEA-B9C805103358}.Debug|Any CPU.ActiveCfg = Debug|Any CPU
		{BD8000B4-94D9-4706-BBEA-B9C805103358}.Debug|Any CPU.Build.0 = Debug|Any CPU
		{BD8000B4-94D9-4706-BBEA-B9C805103358}.Release|Any CPU.ActiveCfg = Release|Any CPU
		{BD8000B4-94D9-4706-BBEA-B9C805103358}.Release|Any CPU.Build.0 = Release|Any CPU
		{9960D256-BACE-4D6E-B515-327730A9E235}.Debug|Any CPU.ActiveCfg = Debug|Any CPU
		{9960D256-BACE-4D6E-B515-327730A9E235}.Debug|Any CPU.Build.0 = Debug|Any CPU
		{9960D256-BACE-4D6E-B515-327730A9E235}.Release|Any CPU.ActiveCfg = Release|Any CPU
		{9960D256-BACE-4D6E-B515-327730A9E235}.Release|Any CPU.Build.0 = Release|Any CPU
		{FF3FD412-4872-44C4-9C2C-F3CF789C0257}.Debug|Any CPU.ActiveCfg = Debug|Any CPU
		{FF3FD412-4872-44C4-9C2C-F3CF789C0257}.Debug|Any CPU.Build.0 = Debug|Any CPU
		{FF3FD412-4872-44C4-9C2C-F3CF789C0257}.Release|Any CPU.ActiveCfg = Release|Any CPU
		{FF3FD412-4872-44C4-9C2C-F3CF789C0257}.Release|Any CPU.Build.0 = Release|Any CPU
		{09135529-05EE-4D9A-B472-B1C4C482071D}.Debug|Any CPU.ActiveCfg = Debug|Any CPU
		{09135529-05EE-4D9A-B472-B1C4C482071D}.Debug|Any CPU.Build.0 = Debug|Any CPU
		{09135529-05EE-4D9A-B472-B1C4C482071D}.Release|Any CPU.ActiveCfg = Release|Any CPU
		{09135529-05EE-4D9A-B472-B1C4C482071D}.Release|Any CPU.Build.0 = Release|Any CPU
		{8039B633-390E-4C46-8B82-A475C3989E52}.Debug|Any CPU.ActiveCfg = Debug|Any CPU
		{8039B633-390E-4C46-8B82-A475C3989E52}.Debug|Any CPU.Build.0 = Debug|Any CPU
		{8039B633-390E-4C46-8B82-A475C3989E52}.Release|Any CPU.ActiveCfg = Release|Any CPU
		{8039B633-390E-4C46-8B82-A475C3989E52}.Release|Any CPU.Build.0 = Release|Any CPU
		{8E2D32F1-6C2F-4F82-AD45-6D0460ED0702}.Debug|Any CPU.ActiveCfg = Debug|Any CPU
		{8E2D32F1-6C2F-4F82-AD45-6D0460ED0702}.Debug|Any CPU.Build.0 = Debug|Any CPU
		{8E2D32F1-6C2F-4F82-AD45-6D0460ED0702}.Release|Any CPU.ActiveCfg = Release|Any CPU
		{8E2D32F1-6C2F-4F82-AD45-6D0460ED0702}.Release|Any CPU.Build.0 = Release|Any CPU
		{8B2F9F86-AA29-4C63-B88D-FEFC3CA05CF5}.Debug|Any CPU.ActiveCfg = Debug|Any CPU
		{8B2F9F86-AA29-4C63-B88D-FEFC3CA05CF5}.Debug|Any CPU.Build.0 = Debug|Any CPU
		{8B2F9F86-AA29-4C63-B88D-FEFC3CA05CF5}.Release|Any CPU.ActiveCfg = Release|Any CPU
		{8B2F9F86-AA29-4C63-B88D-FEFC3CA05CF5}.Release|Any CPU.Build.0 = Release|Any CPU
		{4CA4C18D-9C77-4108-BC03-0F68F06EF213}.Debug|Any CPU.ActiveCfg = Debug|Any CPU
		{4CA4C18D-9C77-4108-BC03-0F68F06EF213}.Debug|Any CPU.Build.0 = Debug|Any CPU
		{4CA4C18D-9C77-4108-BC03-0F68F06EF213}.Release|Any CPU.ActiveCfg = Release|Any CPU
		{4CA4C18D-9C77-4108-BC03-0F68F06EF213}.Release|Any CPU.Build.0 = Release|Any CPU
		{ABD3AB0A-BCFA-499A-8368-A7AB76791970}.Debug|Any CPU.ActiveCfg = Debug|Any CPU
		{ABD3AB0A-BCFA-499A-8368-A7AB76791970}.Debug|Any CPU.Build.0 = Debug|Any CPU
		{ABD3AB0A-BCFA-499A-8368-A7AB76791970}.Release|Any CPU.ActiveCfg = Release|Any CPU
		{ABD3AB0A-BCFA-499A-8368-A7AB76791970}.Release|Any CPU.Build.0 = Release|Any CPU
		{0A3A3162-94CA-4BFE-951B-FF9D0219473E}.Debug|Any CPU.ActiveCfg = Debug|Any CPU
		{0A3A3162-94CA-4BFE-951B-FF9D0219473E}.Debug|Any CPU.Build.0 = Debug|Any CPU
		{0A3A3162-94CA-4BFE-951B-FF9D0219473E}.Release|Any CPU.ActiveCfg = Release|Any CPU
		{0A3A3162-94CA-4BFE-951B-FF9D0219473E}.Release|Any CPU.Build.0 = Release|Any CPU
		{201EF66E-359B-4CEC-82E7-E90E1BB5CE5E}.Debug|Any CPU.ActiveCfg = Debug|Any CPU
		{201EF66E-359B-4CEC-82E7-E90E1BB5CE5E}.Debug|Any CPU.Build.0 = Debug|Any CPU
		{201EF66E-359B-4CEC-82E7-E90E1BB5CE5E}.Release|Any CPU.ActiveCfg = Release|Any CPU
		{201EF66E-359B-4CEC-82E7-E90E1BB5CE5E}.Release|Any CPU.Build.0 = Release|Any CPU
	EndGlobalSection
	GlobalSection(SolutionProperties) = preSolution
		HideSolutionNode = FALSE
	EndGlobalSection
	GlobalSection(NestedProjects) = preSolution
		{A12CC977-85FA-43BC-A6F8-359960DEA9BD} = {0282FE52-D0DB-4537-8FAA-1BC3A6A6FA3F}
		{AA3205D2-A26C-4A8E-9592-2610244A1FBF} = {0282FE52-D0DB-4537-8FAA-1BC3A6A6FA3F}
		{E306E7C6-A66C-4010-9F09-E877BFBB7AC8} = {0282FE52-D0DB-4537-8FAA-1BC3A6A6FA3F}
		{8D763CC0-9BEA-4A99-A0A6-7E3DB00E7CFA} = {014BE108-CEFD-4838-AC50-8956DA27A285}
		{ACEC4C81-01D4-42CE-B920-7FA70DCAF6F3} = {AA3205D2-A26C-4A8E-9592-2610244A1FBF}
		{53992DDB-A3C1-4138-87C3-891DBA7E0F31} = {A12CC977-85FA-43BC-A6F8-359960DEA9BD}
		{641C2B20-5A69-4F41-AD12-B88163419DFF} = {E306E7C6-A66C-4010-9F09-E877BFBB7AC8}
		{0ED92D62-E7EA-4DE0-930E-4AFB65B0FC41} = {5DF20C3B-A264-4656-A8D8-4AF642EF65DE}
		{EE658B54-61E4-4702-9BA2-6C015714E4C9} = {014BE108-CEFD-4838-AC50-8956DA27A285}
		{E352722A-73C7-4269-A349-8535ECB8E856} = {EE658B54-61E4-4702-9BA2-6C015714E4C9}
		{96AB4FF9-9FDE-4AFC-9818-F1B921758737} = {A12CC977-85FA-43BC-A6F8-359960DEA9BD}
		{3BB89329-DDCD-4728-8408-4E1B229A9293} = {A12CC977-85FA-43BC-A6F8-359960DEA9BD}
		{DFDBB64F-C995-4212-84A6-BB2334B9489B} = {E306E7C6-A66C-4010-9F09-E877BFBB7AC8}
		{C89E3A3E-0CC3-4BAF-915A-4DE00D27F893} = {E306E7C6-A66C-4010-9F09-E877BFBB7AC8}
		{65669FC4-6042-4322-A114-DAD5E21B01BF} = {4BD42485-1113-49DB-8FF2-2D088F7141AB}
		{60923620-A8D2-4ABB-9002-B32B8794DA1A} = {65669FC4-6042-4322-A114-DAD5E21B01BF}
		{BD8000B4-94D9-4706-BBEA-B9C805103358} = {A8288E00-DEB7-4438-9E49-99E44FA1784D}
		{14462A67-46DD-41A0-9904-AF4BA6E3EDEB} = {4BD42485-1113-49DB-8FF2-2D088F7141AB}
		{9960D256-BACE-4D6E-B515-327730A9E235} = {14462A67-46DD-41A0-9904-AF4BA6E3EDEB}
		{FF3FD412-4872-44C4-9C2C-F3CF789C0257} = {E306E7C6-A66C-4010-9F09-E877BFBB7AC8}
		{09135529-05EE-4D9A-B472-B1C4C482071D} = {DFDBB64F-C995-4212-84A6-BB2334B9489B}
		{8039B633-390E-4C46-8B82-A475C3989E52} = {A12CC977-85FA-43BC-A6F8-359960DEA9BD}
		{8E2D32F1-6C2F-4F82-AD45-6D0460ED0702} = {E306E7C6-A66C-4010-9F09-E877BFBB7AC8}
		{8B2F9F86-AA29-4C63-B88D-FEFC3CA05CF5} = {A12CC977-85FA-43BC-A6F8-359960DEA9BD}
		{4CA4C18D-9C77-4108-BC03-0F68F06EF213} = {3BB89329-DDCD-4728-8408-4E1B229A9293}
		{79246628-94F7-466E-AE92-F590A024EB1F} = {0282FE52-D0DB-4537-8FAA-1BC3A6A6FA3F}
		{ABD3AB0A-BCFA-499A-8368-A7AB76791970} = {79246628-94F7-466E-AE92-F590A024EB1F}
		{0A3A3162-94CA-4BFE-951B-FF9D0219473E} = {3BB89329-DDCD-4728-8408-4E1B229A9293}
		{201EF66E-359B-4CEC-82E7-E90E1BB5CE5E} = {DFDBB64F-C995-4212-84A6-BB2334B9489B}
	EndGlobalSection
	GlobalSection(ExtensibilityGlobals) = postSolution
		SolutionGuid = {F9BD165F-4738-42F5-AC24-8DAE7B17192D}
	EndGlobalSection
EndGlobal
